<?xml version="1.0" encoding="utf-8"?>
<Project ToolsVersion="4.0" xmlns="http://schemas.microsoft.com/developer/msbuild/2003">
  <ItemGroup>
    <Filter Include="Source Files">
      <UniqueIdentifier>{4FC737F1-C7A5-4376-A066-2A32D752A2FF}</UniqueIdentifier>
      <Extensions>cpp;c;cc;cxx;c++;cppm;ixx;def;odl;idl;hpj;bat;asm;asmx</Extensions>
    </Filter>
    <Filter Include="Header Files">
      <UniqueIdentifier>{93995380-89BD-4b04-88EB-625FBE52EBFB}</UniqueIdentifier>
      <Extensions>h;hh;hpp;hxx;h++;hm;inl;inc;ipp;xsd</Extensions>
    </Filter>
    <Filter Include="Resource Files">
      <UniqueIdentifier>{67DA6AB6-F800-4c08-8B7A-83BB121AAD01}</UniqueIdentifier>
      <Extensions>rc;ico;cur;bmp;dlg;rc2;rct;bin;rgs;gif;jpg;jpeg;jpe;resx;tiff;tif;png;wav;mfcribbon-ms</Extensions>
    </Filter>
    <Filter Include="Header Files\figures">
      <UniqueIdentifier>{c7d117c8-3a5a-47b8-ab72-6b7752dda1b1}</UniqueIdentifier>
    </Filter>
    <Filter Include="Source Files\figures">
      <UniqueIdentifier>{4aa85c41-ff4a-409d-90c9-e0b20a4e1e93}</UniqueIdentifier>
    </Filter>
    <Filter Include="Header Files\commands">
      <UniqueIdentifier>{fc445874-629b-4e3d-be5a-e11d209e2ae9}</UniqueIdentifier>
    </Filter>
    <Filter Include="Source Files\commands">
      <UniqueIdentifier>{9a54eb61-1104-4613-b20f-0cecc08b7a65}</UniqueIdentifier>
    </Filter>
  </ItemGroup>
  <ItemGroup>
    <ClInclude Include="ellipse.h">
      <Filter>Header Files\figures</Filter>
    </ClInclude>
    <ClInclude Include="line.h">
      <Filter>Header Files\figures</Filter>
    </ClInclude>
    <ClInclude Include="rectangle.h">
      <Filter>Header Files\figures</Filter>
    </ClInclude>
    <ClInclude Include="coordinate.h">
      <Filter>Header Files</Filter>
    </ClInclude>
    <ClInclude Include="figure_interface.h">
      <Filter>Header Files</Filter>
    </ClInclude>
    <ClInclude Include="angle_converter.h">
      <Filter>Header Files</Filter>
    </ClInclude>
    <ClInclude Include="figure_id.h">
      <Filter>Header Files</Filter>
    </ClInclude>
    <ClInclude Include="figure_id_exception.h">
      <Filter>Header Files</Filter>
    </ClInclude>
    <ClInclude Include="figure_id_hash.h">
      <Filter>Header Files</Filter>
    </ClInclude>
    <ClInclude Include="command_interface.h">
      <Filter>Header Files</Filter>
    </ClInclude>
    <ClInclude Include="translate.h">
      <Filter>Header Files\commands</Filter>
    </ClInclude>
    <ClInclude Include="rotate.h">
      <Filter>Header Files\commands</Filter>
    </ClInclude>
    <ClInclude Include="scale.h">
      <Filter>Header Files\commands</Filter>
    </ClInclude>
    <ClInclude Include="figure_database.h">
      <Filter>Header Files</Filter>
    </ClInclude>
    <ClInclude Include="figure_database_exception.h">
      <Filter>Header Files</Filter>
    </ClInclude>
    <ClInclude Include="command_queue.h">
      <Filter>Header Files</Filter>
    </ClInclude>
  </ItemGroup>
  <ItemGroup>
    <ClCompile Include="line.cpp">
      <Filter>Source Files\figures</Filter>
    </ClCompile>
    <ClCompile Include="rectangle.cpp">
      <Filter>Source Files\figures</Filter>
    </ClCompile>
    <ClCompile Include="ellipse.cpp">
      <Filter>Source Files\figures</Filter>
    </ClCompile>
    <ClCompile Include="coordinate.cpp">
      <Filter>Source Files</Filter>
    </ClCompile>
    <ClCompile Include="translate.cpp">
      <Filter>Source Files\commands</Filter>
    </ClCompile>
    <ClCompile Include="rotate.cpp">
      <Filter>Source Files\commands</Filter>
    </ClCompile>
    <ClCompile Include="scale.cpp">
      <Filter>Source Files</Filter>
    </ClCompile>
    <ClCompile Include="figure_database.cpp">
      <Filter>Source Files</Filter>
    </ClCompile>
    <ClCompile Include="command_queue.cpp">
      <Filter>Source Files</Filter>
    </ClCompile>
  </ItemGroup>
</Project>